
Microsoft Visual Studio Solution File, Format Version 12.00
# Visual Studio Version 16
VisualStudioVersion = 16.0.33328.57
MinimumVisualStudioVersion = 10.0.40219.1
Project("{FAE04EC0-301F-11D3-BF4B-00C04F79EFBC}") = "hexley", "hexley\hexley.csproj", "{827D4D96-0EAA-4515-9A07-E49E7732BA58}"
EndProject
Global
	GlobalSection(SolutionConfigurationPlatforms) = preSolution
		Debug|Any CPU = Debug|Any CPU
		Release|Any CPU = Release|Any CPU
	EndGlobalSection
	GlobalSection(ProjectConfigurationPlatforms) = postSolution
		{827D4D96-0EAA-4515-9A07-E49E7732BA58}.Debug|Any CPU.ActiveCfg = Debug|Any CPU
		{827D4D96-0EAA-4515-9A07-E49E7732BA58}.Debug|Any CPU.Build.0 = Debug|Any CPU
		{827D4D96-0EAA-4515-9A07-E49E7732BA58}.Release|Any CPU.ActiveCfg = Release|Any CPU
		{827D4D96-0EAA-4515-9A07-E49E7732BA58}.Release|Any CPU.Build.0 = Release|Any CPU
	EndGlobalSection
	GlobalSection(SolutionProperties) = preSolution
		HideSolutionNode = FALSE
	EndGlobalSection
	GlobalSection(ExtensibilityGlobals) = postSolution
		SolutionGuid = {EB8BB3A9-DAA4-4D39-82FF-E59D06E5C06E}
	EndGlobalSection
EndGlobal
